{
  "lockfile_version": "1",
  "packages": {
    "bruno@2.12.0": {
      "last_modified": "2025-10-16T06:36:44Z",
      "resolved": "github:NixOS/nixpkgs/3cbe716e2346710d6e1f7c559363d14e11c32a43#bruno",
      "source": "devbox-search",
      "version": "2.12.0",
      "systems": {
        "aarch64-darwin": {
          "outputs": [
            {
              "name": "out",
              "path": "/nix/store/i6jhqzfii0905y7mn5dzh40lydgbm1ll-bruno-2.12.0",
              "default": true
            }
          ],
          "store_path": "/nix/store/i6jhqzfii0905y7mn5dzh40lydgbm1ll-bruno-2.12.0"
        },
        "aarch64-linux": {
          "outputs": [
            {
              "name": "out",
              "path": "/nix/store/jh5mn1gg5j3gghsp77qw0ixbicxi66ri-bruno-2.12.0",
              "default": true
            }
          ],
          "store_path": "/nix/store/jh5mn1gg5j3gghsp77qw0ixbicxi66ri-bruno-2.12.0"
        },
        "x86_64-darwin": {
          "outputs": [
            {
              "name": "out",
              "path": "/nix/store/rvgp4xqwylznp64hvmqjhrwjak1cd6wq-bruno-2.12.0",
              "default": true
            }
          ],
          "store_path": "/nix/store/rvgp4xqwylznp64hvmqjhrwjak1cd6wq-bruno-2.12.0"
        },
        "x86_64-linux": {
          "outputs": [
            {
              "name": "out",
              "path": "/nix/store/0y590pv2b77s2hf5pghqva8yq91qlpzg-bruno-2.12.0",
              "default": true
            }
          ],
          "store_path": "/nix/store/0y590pv2b77s2hf5pghqva8yq91qlpzg-bruno-2.12.0"
        }
      }
    },
    "fixjson@1.1.2-unstable-2021-01-05": {
      "last_modified": "2025-11-23T21:50:36Z",
      "resolved": "github:NixOS/nixpkgs/ee09932cedcef15aaf476f9343d1dea2cb77e261#fixjson",
      "source": "devbox-search",
      "version": "1.1.2-unstable-2021-01-05",
      "systems": {
        "aarch64-darwin": {
          "outputs": [
            {
              "name": "out",
              "path": "/nix/store/8jzc1wzzqi24iz88wq0dwpybhjsrap36-fixjson-1.1.2-unstable-2021-01-05",
              "default": true
            }
          ],
          "store_path": "/nix/store/8jzc1wzzqi24iz88wq0dwpybhjsrap36-fixjson-1.1.2-unstable-2021-01-05"
        },
        "aarch64-linux": {
          "outputs": [
            {
              "name": "out",
              "path": "/nix/store/83gihsrazkrncn8gifk2jn5fn210hkyf-fixjson-1.1.2-unstable-2021-01-05",
              "default": true
            }
          ],
          "store_path": "/nix/store/83gihsrazkrncn8gifk2jn5fn210hkyf-fixjson-1.1.2-unstable-2021-01-05"
        },
        "x86_64-darwin": {
          "outputs": [
            {
              "name": "out",
              "path": "/nix/store/phzmpm4byyw0ry5vrf4a3mrgdck6xgf3-fixjson-1.1.2-unstable-2021-01-05",
              "default": true
            }
          ],
          "store_path": "/nix/store/phzmpm4byyw0ry5vrf4a3mrgdck6xgf3-fixjson-1.1.2-unstable-2021-01-05"
        },
        "x86_64-linux": {
          "outputs": [
            {
              "name": "out",
              "path": "/nix/store/lc9m0kgh1vw4lmg5ayw2s8ggbs8hchyy-fixjson-1.1.2-unstable-2021-01-05",
              "default": true
            }
          ],
          "store_path": "/nix/store/lc9m0kgh1vw4lmg5ayw2s8ggbs8hchyy-fixjson-1.1.2-unstable-2021-01-05"
        }
      }
    },
    "github:NixOS/nixpkgs/nixpkgs-unstable": {
      "last_modified": "2025-11-20T06:07:48Z",
      "resolved": "github:NixOS/nixpkgs/a8d610af3f1a5fb71e23e08434d8d61a466fc942?lastModified=1763618868&narHash=sha256-v5afmLjn%2FuyD9EQuPBn7nZuaZVV9r%2BJerayK%2F4wvdWA%3D"
    },
    "uv@0.9.7": {
      "last_modified": "2025-11-15T07:28:48Z",
      "resolved": "github:NixOS/nixpkgs/1d4c88323ac36805d09657d13a5273aea1b34f0c#uv",
      "source": "devbox-search",
      "version": "0.9.7",
      "systems": {
        "aarch64-darwin": {
          "outputs": [
            {
              "name": "out",
              "path": "/nix/store/jawlhc5qjn8mmg8p90q8piyfz2nx26mh-uv-0.9.7",
              "default": true
            }
          ],
          "store_path": "/nix/store/jawlhc5qjn8mmg8p90q8piyfz2nx26mh-uv-0.9.7"
        },
        "aarch64-linux": {
          "outputs": [
            {
              "name": "out",
              "path": "/nix/store/4bdzpgmxc5960fhqhrzgp051sflxydyr-uv-0.9.7",
              "default": true
            }
          ],
          "store_path": "/nix/store/4bdzpgmxc5960fhqhrzgp051sflxydyr-uv-0.9.7"
        },
        "x86_64-darwin": {
          "outputs": [
            {
              "name": "out",
              "path": "/nix/store/lqqw5c03s9s2a1s1fwnizrqg6qyds6zl-uv-0.9.7",
              "default": true
            }
          ],
          "store_path": "/nix/store/lqqw5c03s9s2a1s1fwnizrqg6qyds6zl-uv-0.9.7"
        },
        "x86_64-linux": {
          "outputs": [
            {
              "name": "out",
              "path": "/nix/store/yam279jrm05r1ihvkw4nr1bjf8m0xpaw-uv-0.9.7",
              "default": true
            }
          ],
          "store_path": "/nix/store/yam279jrm05r1ihvkw4nr1bjf8m0xpaw-uv-0.9.7"
        }
      }
    }
  }
}
